// !$*UTF8*$!
{
	archiveVersion = 1;
	classes = {
	};
	objectVersion = 46;
	objects = {

/* Begin PBXBuildFile section */
		06E5080A6D896558D6349430 /* LanguageRouterTests.swift in Sources */ = {isa = PBXBuildFile; fileRef = 30CEE274B7D2AF854FC72994 /* LanguageRouterTests.swift */; };
		14A0226A9B2D4E9A87F278EB /* AppSettings.swift in Sources */ = {isa = PBXBuildFile; fileRef = 3CDE8727E7A679B40F95CCF7 /* AppSettings.swift */; };
		15A251D7712C16F211A0262B /* ScreenshotSelectionController.swift in Sources */ = {isa = PBXBuildFile; fileRef = 20F338A9CF9716991D7806E8 /* ScreenshotSelectionController.swift */; };
		167BF742E117BD7673E00348 /* AccessibilityPermissionManager.swift in Sources */ = {isa = PBXBuildFile; fileRef = 94E2CB0BF621EB03D9242CE7 /* AccessibilityPermissionManager.swift */; };
		1DAA907F791BD867BB33D64F /* TranslationViewModelTests.swift in Sources */ = {isa = PBXBuildFile; fileRef = 7E4E7CA4CAD3E0BDBB936246 /* TranslationViewModelTests.swift */; };
		2069B0D832AD9AADD2CB21A7 /* ScreenCaptureProvider.swift in Sources */ = {isa = PBXBuildFile; fileRef = F6C71F6C5579D9BCC18A4053 /* ScreenCaptureProvider.swift */; };
		21328962182721ECC8EFD7D4 /* PanelPositionerTests.swift in Sources */ = {isa = PBXBuildFile; fileRef = 8CF0CF5090E7F479C650AEE1 /* PanelPositionerTests.swift */; };
		244850CCE2731842EA4A6CEA /* TranslationRequest.swift in Sources */ = {isa = PBXBuildFile; fileRef = DA0988F42EFD6AD894380C60 /* TranslationRequest.swift */; };
		298D4EC6D4A71C66150650EE /* ScreenCaptureCoordinateConverterTests.swift in Sources */ = {isa = PBXBuildFile; fileRef = 72C3088E41BCF81E81440D4F /* ScreenCaptureCoordinateConverterTests.swift */; };
		2F741FDC167B177688318EC9 /* TranslationCoordinator.swift in Sources */ = {isa = PBXBuildFile; fileRef = 84C99CFF4CABFAFDE3E25637 /* TranslationCoordinator.swift */; };
		3743E39507A6A5BA4A998464 /* Assets.xcassets in Resources */ = {isa = PBXBuildFile; fileRef = 1A3731D19BA1F7B0DA6F02E6 /* Assets.xcassets */; };
		3CFD308262D598CB2AD4832F /* Localization.swift in Sources */ = {isa = PBXBuildFile; fileRef = E0A0433EA916DF0B179D2495 /* Localization.swift */; };
		63CF429897CB216AFC761915 /* AppState.swift in Sources */ = {isa = PBXBuildFile; fileRef = 727A1DBE94F1B4A560CDBAE3 /* AppState.swift */; };
		69CA85FBA650AF6E334C7444 /* Cocoa.framework in Frameworks */ = {isa = PBXBuildFile; fileRef = 07CF6FC8F7C2DA14511C17A8 /* Cocoa.framework */; };
		6B1ABDC4602E877914AD1968 /* ScreenCapturePermissionManager.swift in Sources */ = {isa = PBXBuildFile; fileRef = 6C403118C820CDDA0655EADB /* ScreenCapturePermissionManager.swift */; };
		6C526AA44DD8957208C971DD /* AppDelegate.swift in Sources */ = {isa = PBXBuildFile; fileRef = 6B5D1CB006FEF6D94DF84EEC /* AppDelegate.swift */; };
		6D23CF4C68827A9EA22FBB91 /* Localizable.xcstrings in Resources */ = {isa = PBXBuildFile; fileRef = 175E5A21A57D6DAEE436D569 /* Localizable.xcstrings */; };
		79EB7F1EC463D446C02CA64F /* HotKeyManager.swift in Sources */ = {isa = PBXBuildFile; fileRef = 90115B751652C43C77BF82BF /* HotKeyManager.swift */; };
		8DB03C8BDBE3F193AE126159 /* SelectedTextResult.swift in Sources */ = {isa = PBXBuildFile; fileRef = 3D5D7A49E33DA7534B14CD65 /* SelectedTextResult.swift */; };
		92B7D506D8EA77A95B6E07B7 /* KeyboardShortcuts in Frameworks */ = {isa = PBXBuildFile; productRef = 3670D6C121C5F7BDFE7D1D8D /* KeyboardShortcuts */; };
		9AF16F803FE9AB46B0903FC9 /* SettingsView.swift in Sources */ = {isa = PBXBuildFile; fileRef = 47E992926E62F7E71065D035 /* SettingsView.swift */; };
		9D5B80178A9B9B6C09158AA0 /* TranslationViewModel.swift in Sources */ = {isa = PBXBuildFile; fileRef = D8DA513E5D3F4A5971394DAE /* TranslationViewModel.swift */; };
		A1E112D8F6CD20C83B5A80BB /* AppleTranslationHost.swift in Sources */ = {isa = PBXBuildFile; fileRef = 1143A189195FA1796C2397A1 /* AppleTranslationHost.swift */; };
		B03A3252461BDF1AF4E038BA /* TranslationPanel.swift in Sources */ = {isa = PBXBuildFile; fileRef = D4DFFCBBC8527311750DFF5D /* TranslationPanel.swift */; };
		BA0916803F135724AD47B3B3 /* LanguageRouter.swift in Sources */ = {isa = PBXBuildFile; fileRef = 2E0869DDB35175C6B239B879 /* LanguageRouter.swift */; };
		CAFF396CF1B8EDEC464A052C /* TranslationPanelController.swift in Sources */ = {isa = PBXBuildFile; fileRef = D815B0BCEBF9420A18E8DC29 /* TranslationPanelController.swift */; };
		D9796DBA255C7E85DB9A5259 /* TranslationResult.swift in Sources */ = {isa = PBXBuildFile; fileRef = E0F869D05DA1E0BD051E3B8B /* TranslationResult.swift */; };
		D9AE4CB3ED322D25A4A851EC /* TranslateDotApp.swift in Sources */ = {isa = PBXBuildFile; fileRef = D9493A18E2ADCBA85ACEABB6 /* TranslateDotApp.swift */; };
		DA4FF9181AE3683751E6D31E /* VisionTextRecognizer.swift in Sources */ = {isa = PBXBuildFile; fileRef = 7F020D477D6073368F786FAC /* VisionTextRecognizer.swift */; };
		DAE4D3D2E671FE76A9F45904 /* TranslationPanelView.swift in Sources */ = {isa = PBXBuildFile; fileRef = BE4C6DE46E120C9E436208AF /* TranslationPanelView.swift */; };
		DE419E5AAF374F97E9F063D7 /* ClipboardSelectedTextProvider.swift in Sources */ = {isa = PBXBuildFile; fileRef = 73CD8954378CA552589C9BA7 /* ClipboardSelectedTextProvider.swift */; };
		EA401FB48D769277E36291CB /* Cocoa.framework in Frameworks */ = {isa = PBXBuildFile; fileRef = 07CF6FC8F7C2DA14511C17A8 /* Cocoa.framework */; };
		EE87FFFCE30731A6A6AC3621 /* AXSelectedTextProvider.swift in Sources */ = {isa = PBXBuildFile; fileRef = EE90575C2E46423D29D4A26E /* AXSelectedTextProvider.swift */; };
		FDC1B6EDB01FBA20D34AC7B2 /* PanelPositioner.swift in Sources */ = {isa = PBXBuildFile; fileRef = 93F4271B89A411B16E6B422F /* PanelPositioner.swift */; };
/* End PBXBuildFile section */

/* Begin PBXContainerItemProxy section */
		9DD430C7191132FDD1AD390A /* PBXContainerItemProxy */ = {
			isa = PBXContainerItemProxy;
			containerPortal = BDDCDA0FCA1E45972A3F3F8E /* Project object */;
			proxyType = 1;
			remoteGlobalIDString = B2BD389DBA9274A7615156A0;
			remoteInfo = TranslateDot;
		};
/* End PBXContainerItemProxy section */

/* Begin PBXFileReference section */
		07CF6FC8F7C2DA14511C17A8 /* Cocoa.framework */ = {isa = PBXFileReference; lastKnownFileType = wrapper.framework; name = Cocoa.framework; path = Platforms/MacOSX.platform/Developer/SDKs/MacOSX15.0.sdk/System/Library/Frameworks/Cocoa.framework; sourceTree = DEVELOPER_DIR; };
		0E9871E11AA951707DD7C3DE /* TranslateDotLogoOriginal.png */ = {isa = PBXFileReference; includeInIndex = 1; lastKnownFileType = image.png; path = TranslateDotLogoOriginal.png; sourceTree = "<group>"; };
		1143A189195FA1796C2397A1 /* AppleTranslationHost.swift */ = {isa = PBXFileReference; includeInIndex = 1; lastKnownFileType = sourcecode.swift; path = AppleTranslationHost.swift; sourceTree = "<group>"; };
		175E5A21A57D6DAEE436D569 /* Localizable.xcstrings */ = {isa = PBXFileReference; includeInIndex = 1; path = Localizable.xcstrings; sourceTree = "<group>"; };
		1A3731D19BA1F7B0DA6F02E6 /* Assets.xcassets */ = {isa = PBXFileReference; includeInIndex = 1; lastKnownFileType = folder.assetcatalog; path = Assets.xcassets; sourceTree = "<group>"; };
		20F338A9CF9716991D7806E8 /* ScreenshotSelectionController.swift */ = {isa = PBXFileReference; includeInIndex = 1; lastKnownFileType = sourcecode.swift; path = ScreenshotSelectionController.swift; sourceTree = "<group>"; };
		2E0869DDB35175C6B239B879 /* LanguageRouter.swift */ = {isa = PBXFileReference; includeInIndex = 1; lastKnownFileType = sourcecode.swift; path = LanguageRouter.swift; sourceTree = "<group>"; };
		30CEE274B7D2AF854FC72994 /* LanguageRouterTests.swift */ = {isa = PBXFileReference; includeInIndex = 1; lastKnownFileType = sourcecode.swift; path = LanguageRouterTests.swift; sourceTree = "<group>"; };
		355B6B658680E452DF9BDD29 /* Info.plist */ = {isa = PBXFileReference; includeInIndex = 1; lastKnownFileType = text.plist.xml; path = Info.plist; sourceTree = "<group>"; };
		3CDE8727E7A679B40F95CCF7 /* AppSettings.swift */ = {isa = PBXFileReference; includeInIndex = 1; lastKnownFileType = sourcecode.swift; path = AppSettings.swift; sourceTree = "<group>"; };
		3D5D7A49E33DA7534B14CD65 /* SelectedTextResult.swift */ = {isa = PBXFileReference; includeInIndex = 1; lastKnownFileType = sourcecode.swift; path = SelectedTextResult.swift; sourceTree = "<group>"; };
		47E992926E62F7E71065D035 /* SettingsView.swift */ = {isa = PBXFileReference; includeInIndex = 1; lastKnownFileType = sourcecode.swift; path = SettingsView.swift; sourceTree = "<group>"; };
		59FBA912A8223D55E5821D0C /* TranslateDotIconMaster.png */ = {isa = PBXFileReference; includeInIndex = 1; lastKnownFileType = image.png; path = TranslateDotIconMaster.png; sourceTree = "<group>"; };
		6B5D1CB006FEF6D94DF84EEC /* AppDelegate.swift */ = {isa = PBXFileReference; includeInIndex = 1; lastKnownFileType = sourcecode.swift; path = AppDelegate.swift; sourceTree = "<group>"; };
		6C403118C820CDDA0655EADB /* ScreenCapturePermissionManager.swift */ = {isa = PBXFileReference; includeInIndex = 1; lastKnownFileType = sourcecode.swift; path = ScreenCapturePermissionManager.swift; sourceTree = "<group>"; };
		727A1DBE94F1B4A560CDBAE3 /* AppState.swift */ = {isa = PBXFileReference; includeInIndex = 1; lastKnownFileType = sourcecode.swift; path = AppState.swift; sourceTree = "<group>"; };
		72C3088E41BCF81E81440D4F /* ScreenCaptureCoordinateConverterTests.swift */ = {isa = PBXFileReference; includeInIndex = 1; lastKnownFileType = sourcecode.swift; path = ScreenCaptureCoordinateConverterTests.swift; sourceTree = "<group>"; };
		73CD8954378CA552589C9BA7 /* ClipboardSelectedTextProvider.swift */ = {isa = PBXFileReference; includeInIndex = 1; lastKnownFileType = sourcecode.swift; path = ClipboardSelectedTextProvider.swift; sourceTree = "<group>"; };
		7E4E7CA4CAD3E0BDBB936246 /* TranslationViewModelTests.swift */ = {isa = PBXFileReference; includeInIndex = 1; lastKnownFileType = sourcecode.swift; path = TranslationViewModelTests.swift; sourceTree = "<group>"; };
		7F020D477D6073368F786FAC /* VisionTextRecognizer.swift */ = {isa = PBXFileReference; includeInIndex = 1; lastKnownFileType = sourcecode.swift; path = VisionTextRecognizer.swift; sourceTree = "<group>"; };
		84C99CFF4CABFAFDE3E25637 /* TranslationCoordinator.swift */ = {isa = PBXFileReference; includeInIndex = 1; lastKnownFileType = sourcecode.swift; path = TranslationCoordinator.swift; sourceTree = "<group>"; };
		8CF0CF5090E7F479C650AEE1 /* PanelPositionerTests.swift */ = {isa = PBXFileReference; includeInIndex = 1; lastKnownFileType = sourcecode.swift; path = PanelPositionerTests.swift; sourceTree = "<group>"; };
		90115B751652C43C77BF82BF /* HotKeyManager.swift */ = {isa = PBXFileReference; includeInIndex = 1; lastKnownFileType = sourcecode.swift; path = HotKeyManager.swift; sourceTree = "<group>"; };
		93F4271B89A411B16E6B422F /* PanelPositioner.swift */ = {isa = PBXFileReference; includeInIndex = 1; lastKnownFileType = sourcecode.swift; path = PanelPositioner.swift; sourceTree = "<group>"; };
		94E2CB0BF621EB03D9242CE7 /* AccessibilityPermissionManager.swift */ = {isa = PBXFileReference; includeInIndex = 1; lastKnownFileType = sourcecode.swift; path = AccessibilityPermissionManager.swift; sourceTree = "<group>"; };
		A562037F568F9DFF80ADEA62 /* TranslateDot.app */ = {isa = PBXFileReference; explicitFileType = wrapper.application; includeInIndex = 0; path = TranslateDot.app; sourceTree = BUILT_PRODUCTS_DIR; };
		BE4C6DE46E120C9E436208AF /* TranslationPanelView.swift */ = {isa = PBXFileReference; includeInIndex = 1; lastKnownFileType = sourcecode.swift; path = TranslationPanelView.swift; sourceTree = "<group>"; };
		CE0A789153F5439F5B7116F7 /* TranslateDotTests.xctest */ = {isa = PBXFileReference; explicitFileType = wrapper.cfbundle; includeInIndex = 0; path = TranslateDotTests.xctest; sourceTree = BUILT_PRODUCTS_DIR; };
		D4DFFCBBC8527311750DFF5D /* TranslationPanel.swift */ = {isa = PBXFileReference; includeInIndex = 1; lastKnownFileType = sourcecode.swift; path = TranslationPanel.swift; sourceTree = "<group>"; };
		D815B0BCEBF9420A18E8DC29 /* TranslationPanelController.swift */ = {isa = PBXFileReference; includeInIndex = 1; lastKnownFileType = sourcecode.swift; path = TranslationPanelController.swift; sourceTree = "<group>"; };
		D8DA513E5D3F4A5971394DAE /* TranslationViewModel.swift */ = {isa = PBXFileReference; includeInIndex = 1; lastKnownFileType = sourcecode.swift; path = TranslationViewModel.swift; sourceTree = "<group>"; };
		D9493A18E2ADCBA85ACEABB6 /* TranslateDotApp.swift */ = {isa = PBXFileReference; includeInIndex = 1; lastKnownFileType = sourcecode.swift; path = TranslateDotApp.swift; sourceTree = "<group>"; };
		DA0988F42EFD6AD894380C60 /* TranslationRequest.swift */ = {isa = PBXFileReference; includeInIndex = 1; lastKnownFileType = sourcecode.swift; path = TranslationRequest.swift; sourceTree = "<group>"; };
		E0A0433EA916DF0B179D2495 /* Localization.swift */ = {isa = PBXFileReference; includeInIndex = 1; lastKnownFileType = sourcecode.swift; path = Localization.swift; sourceTree = "<group>"; };
		E0F869D05DA1E0BD051E3B8B /* TranslationResult.swift */ = {isa = PBXFileReference; includeInIndex = 1; lastKnownFileType = sourcecode.swift; path = TranslationResult.swift; sourceTree = "<group>"; };
		EE90575C2E46423D29D4A26E /* AXSelectedTextProvider.swift */ = {isa = PBXFileReference; includeInIndex = 1; lastKnownFileType = sourcecode.swift; path = AXSelectedTextProvider.swift; sourceTree = "<group>"; };
		F6C71F6C5579D9BCC18A4053 /* ScreenCaptureProvider.swift */ = {isa = PBXFileReference; includeInIndex = 1; lastKnownFileType = sourcecode.swift; path = ScreenCaptureProvider.swift; sourceTree = "<group>"; };
/* End PBXFileReference section */

/* Begin PBXFrameworksBuildPhase section */
		0EC37339D985FF62BD65F585 /* Frameworks */ = {
			isa = PBXFrameworksBuildPhase;
			buildActionMask = 2147483647;
			files = (
				EA401FB48D769277E36291CB /* Cocoa.framework in Frameworks */,
			);
			runOnlyForDeploymentPostprocessing = 0;
		};
		AD208AB141BABA1A9F9E739E /* Frameworks */ = {
			isa = PBXFrameworksBuildPhase;
			buildActionMask = 2147483647;
			files = (
				69CA85FBA650AF6E334C7444 /* Cocoa.framework in Frameworks */,
				92B7D506D8EA77A95B6E07B7 /* KeyboardShortcuts in Frameworks */,
			);
			runOnlyForDeploymentPostprocessing = 0;
		};
/* End PBXFrameworksBuildPhase section */

/* Begin PBXGroup section */
		054B02937830E8A294C82F80 /* Translation */ = {
			isa = PBXGroup;
			children = (
				84C99CFF4CABFAFDE3E25637 /* TranslationCoordinator.swift */,
				1143A189195FA1796C2397A1 /* AppleTranslationHost.swift */,
				DA0988F42EFD6AD894380C60 /* TranslationRequest.swift */,
				E0F869D05DA1E0BD051E3B8B /* TranslationResult.swift */,
				2E0869DDB35175C6B239B879 /* LanguageRouter.swift */,
			);
			name = Translation;
			path = Translation;
			sourceTree = "<group>";
		};
		08221F15C9933824CF9159D8 /* Brand */ = {
			isa = PBXGroup;
			children = (
				0E9871E11AA951707DD7C3DE /* TranslateDotLogoOriginal.png */,
				59FBA912A8223D55E5821D0C /* TranslateDotIconMaster.png */,
			);
			name = Brand;
			path = Brand;
			sourceTree = "<group>";
		};
		2A0DC7851227D0111666056B /* App */ = {
			isa = PBXGroup;
			children = (
				D9493A18E2ADCBA85ACEABB6 /* TranslateDotApp.swift */,
				6B5D1CB006FEF6D94DF84EEC /* AppDelegate.swift */,
				727A1DBE94F1B4A560CDBAE3 /* AppState.swift */,
				E0A0433EA916DF0B179D2495 /* Localization.swift */,
			);
			name = App;
			path = App;
			sourceTree = "<group>";
		};
		3050BB327908D974203E98D9 /* Resources */ = {
			isa = PBXGroup;
			children = (
				1A3731D19BA1F7B0DA6F02E6 /* Assets.xcassets */,
				175E5A21A57D6DAEE436D569 /* Localizable.xcstrings */,
				355B6B658680E452DF9BDD29 /* Info.plist */,
				08221F15C9933824CF9159D8 /* Brand */,
			);
			name = Resources;
			path = Resources;
			sourceTree = "<group>";
		};
		352EBC5EA1377C2EA43B7AEB /* Products */ = {
			isa = PBXGroup;
			children = (
				A562037F568F9DFF80ADEA62 /* TranslateDot.app */,
				CE0A789153F5439F5B7116F7 /* TranslateDotTests.xctest */,
			);
			name = Products;
			sourceTree = "<group>";
		};
		3969D85721AE38E30C42227B /* TranslateDotTests */ = {
			isa = PBXGroup;
			children = (
				30CEE274B7D2AF854FC72994 /* LanguageRouterTests.swift */,
				8CF0CF5090E7F479C650AEE1 /* PanelPositionerTests.swift */,
				7E4E7CA4CAD3E0BDBB936246 /* TranslationViewModelTests.swift */,
				72C3088E41BCF81E81440D4F /* ScreenCaptureCoordinateConverterTests.swift */,
			);
			name = TranslateDotTests;
			path = TranslateDotTests;
			sourceTree = "<group>";
		};
		3E0B386CA24B338E10DEF7BF /* Frameworks */ = {
			isa = PBXGroup;
			children = (
				43AB7C85064676514450FE46 /* OS X */,
			);
			name = Frameworks;
			sourceTree = "<group>";
		};
		42104914C7B0FC834F1C082F /* Settings */ = {
			isa = PBXGroup;
			children = (
				3CDE8727E7A679B40F95CCF7 /* AppSettings.swift */,
				47E992926E62F7E71065D035 /* SettingsView.swift */,
			);
			name = Settings;
			path = Settings;
			sourceTree = "<group>";
		};
		43AB7C85064676514450FE46 /* OS X */ = {
			isa = PBXGroup;
			children = (
				07CF6FC8F7C2DA14511C17A8 /* Cocoa.framework */,
			);
			name = "OS X";
			sourceTree = "<group>";
		};
		4ABF49FEE189299DA9FA1E97 /* Panel */ = {
			isa = PBXGroup;
			children = (
				D4DFFCBBC8527311750DFF5D /* TranslationPanel.swift */,
				D815B0BCEBF9420A18E8DC29 /* TranslationPanelController.swift */,
				93F4271B89A411B16E6B422F /* PanelPositioner.swift */,
				BE4C6DE46E120C9E436208AF /* TranslationPanelView.swift */,
			);
			name = Panel;
			path = Panel;
			sourceTree = "<group>";
		};
		6624E910EDDD94BF40667D7B = {
			isa = PBXGroup;
			children = (
				352EBC5EA1377C2EA43B7AEB /* Products */,
				3E0B386CA24B338E10DEF7BF /* Frameworks */,
				C0F6F3D5259B67044DA34711 /* TranslateDot */,
				3969D85721AE38E30C42227B /* TranslateDotTests */,
			);
			sourceTree = "<group>";
		};
		6F5F3B3102B4BD439AD20A04 /* Features */ = {
			isa = PBXGroup;
			children = (
				D8DA513E5D3F4A5971394DAE /* TranslationViewModel.swift */,
			);
			name = Features;
			path = Features;
			sourceTree = "<group>";
		};
		9CA92DF73996176231290EF3 /* HotKey */ = {
			isa = PBXGroup;
			children = (
				90115B751652C43C77BF82BF /* HotKeyManager.swift */,
			);
			name = HotKey;
			path = HotKey;
			sourceTree = "<group>";
		};
		C0F6F3D5259B67044DA34711 /* TranslateDot */ = {
			isa = PBXGroup;
			children = (
				2A0DC7851227D0111666056B /* App */,
				42104914C7B0FC834F1C082F /* Settings */,
				9CA92DF73996176231290EF3 /* HotKey */,
				F88A55E0F28421026F20BE3C /* Accessibility */,
				EC046408BB58D995CA6497A1 /* Capture */,
				054B02937830E8A294C82F80 /* Translation */,
				4ABF49FEE189299DA9FA1E97 /* Panel */,
				6F5F3B3102B4BD439AD20A04 /* Features */,
				3050BB327908D974203E98D9 /* Resources */,
			);
			name = TranslateDot;
			path = TranslateDot;
			sourceTree = "<group>";
		};
		EC046408BB58D995CA6497A1 /* Capture */ = {
			isa = PBXGroup;
			children = (
				6C403118C820CDDA0655EADB /* ScreenCapturePermissionManager.swift */,
				F6C71F6C5579D9BCC18A4053 /* ScreenCaptureProvider.swift */,
				20F338A9CF9716991D7806E8 /* ScreenshotSelectionController.swift */,
				7F020D477D6073368F786FAC /* VisionTextRecognizer.swift */,
			);
			name = Capture;
			path = Capture;
			sourceTree = "<group>";
		};
		F88A55E0F28421026F20BE3C /* Accessibility */ = {
			isa = PBXGroup;
			children = (
				94E2CB0BF621EB03D9242CE7 /* AccessibilityPermissionManager.swift */,
				EE90575C2E46423D29D4A26E /* AXSelectedTextProvider.swift */,
				73CD8954378CA552589C9BA7 /* ClipboardSelectedTextProvider.swift */,
				3D5D7A49E33DA7534B14CD65 /* SelectedTextResult.swift */,
			);
			name = Accessibility;
			path = Accessibility;
			sourceTree = "<group>";
		};
/* End PBXGroup section */

/* Begin PBXNativeTarget section */
		B2BD389DBA9274A7615156A0 /* TranslateDot */ = {
			isa = PBXNativeTarget;
			buildConfigurationList = 8E74FB862C295747F55CDAA9 /* Build configuration list for PBXNativeTarget "TranslateDot" */;
			buildPhases = (
				83C7B69CD5D925170CD99663 /* Sources */,
				AD208AB141BABA1A9F9E739E /* Frameworks */,
				B16E6F1BAC8A3EDFF23D9A92 /* Resources */,
			);
			buildRules = (
			);
			dependencies = (
			);
			name = TranslateDot;
			packageProductDependencies = (
				3670D6C121C5F7BDFE7D1D8D /* KeyboardShortcuts */,
			);
			productName = TranslateDot;
			productReference = A562037F568F9DFF80ADEA62 /* TranslateDot.app */;
			productType = "com.apple.product-type.application";
		};
		D72D963C82505FC9C2B10AE9 /* TranslateDotTests */ = {
			isa = PBXNativeTarget;
			buildConfigurationList = 424EB6C65C4304D62134C29F /* Build configuration list for PBXNativeTarget "TranslateDotTests" */;
			buildPhases = (
				691699A507A759FBEDAC445E /* Sources */,
				0EC37339D985FF62BD65F585 /* Frameworks */,
				9C9B9B972C3B9738939EC8A0 /* Resources */,
			);
			buildRules = (
			);
			dependencies = (
				9783871167BA185BFA7E9D87 /* PBXTargetDependency */,
			);
			name = TranslateDotTests;
			productName = TranslateDotTests;
			productReference = CE0A789153F5439F5B7116F7 /* TranslateDotTests.xctest */;
			productType = "com.apple.product-type.bundle.unit-test";
		};
/* End PBXNativeTarget section */

/* Begin PBXProject section */
		BDDCDA0FCA1E45972A3F3F8E /* Project object */ = {
			isa = PBXProject;
			attributes = {
				LastSwiftUpdateCheck = 2620;
				LastUpgradeCheck = 2620;
			};
			buildConfigurationList = EB25532835FEC43A12DEFEB2 /* Build configuration list for PBXProject "TranslateDot" */;
			compatibilityVersion = "Xcode 3.2";
			developmentRegion = en;
			hasScannedForEncodings = 0;
			knownRegions = (
				en,
				Base,
			);
			mainGroup = 6624E910EDDD94BF40667D7B;
			minimizedProjectReferenceProxies = 0;
			packageReferences = (
				F91846F724E7DA0A032D9B95 /* XCRemoteSwiftPackageReference "KeyboardShortcuts" */,
			);
			preferredProjectObjectVersion = 77;
			productRefGroup = 352EBC5EA1377C2EA43B7AEB /* Products */;
			projectDirPath = "";
			projectRoot = "";
			targets = (
				B2BD389DBA9274A7615156A0 /* TranslateDot */,
				D72D963C82505FC9C2B10AE9 /* TranslateDotTests */,
			);
		};
/* End PBXProject section */

/* Begin PBXResourcesBuildPhase section */
		9C9B9B972C3B9738939EC8A0 /* Resources */ = {
			isa = PBXResourcesBuildPhase;
			buildActionMask = 2147483647;
			files = (
			);
			runOnlyForDeploymentPostprocessing = 0;
		};
		B16E6F1BAC8A3EDFF23D9A92 /* Resources */ = {
			isa = PBXResourcesBuildPhase;
			buildActionMask = 2147483647;
			files = (
				3743E39507A6A5BA4A998464 /* Assets.xcassets in Resources */,
				6D23CF4C68827A9EA22FBB91 /* Localizable.xcstrings in Resources */,
			);
			runOnlyForDeploymentPostprocessing = 0;
		};
/* End PBXResourcesBuildPhase section */

/* Begin PBXSourcesBuildPhase section */
		691699A507A759FBEDAC445E /* Sources */ = {
			isa = PBXSourcesBuildPhase;
			buildActionMask = 2147483647;
			files = (
				06E5080A6D896558D6349430 /* LanguageRouterTests.swift in Sources */,
				21328962182721ECC8EFD7D4 /* PanelPositionerTests.swift in Sources */,
				1DAA907F791BD867BB33D64F /* TranslationViewModelTests.swift in Sources */,
				298D4EC6D4A71C66150650EE /* ScreenCaptureCoordinateConverterTests.swift in Sources */,
			);
			runOnlyForDeploymentPostprocessing = 0;
		};
		83C7B69CD5D925170CD99663 /* Sources */ = {
			isa = PBXSourcesBuildPhase;
			buildActionMask = 2147483647;
			files = (
				D9AE4CB3ED322D25A4A851EC /* TranslateDotApp.swift in Sources */,
				6C526AA44DD8957208C971DD /* AppDelegate.swift in Sources */,
				63CF429897CB216AFC761915 /* AppState.swift in Sources */,
				3CFD308262D598CB2AD4832F /* Localization.swift in Sources */,
				14A0226A9B2D4E9A87F278EB /* AppSettings.swift in Sources */,
				9AF16F803FE9AB46B0903FC9 /* SettingsView.swift in Sources */,
				79EB7F1EC463D446C02CA64F /* HotKeyManager.swift in Sources */,
				167BF742E117BD7673E00348 /* AccessibilityPermissionManager.swift in Sources */,
				EE87FFFCE30731A6A6AC3621 /* AXSelectedTextProvider.swift in Sources */,
				DE419E5AAF374F97E9F063D7 /* ClipboardSelectedTextProvider.swift in Sources */,
				8DB03C8BDBE3F193AE126159 /* SelectedTextResult.swift in Sources */,
				6B1ABDC4602E877914AD1968 /* ScreenCapturePermissionManager.swift in Sources */,
				2069B0D832AD9AADD2CB21A7 /* ScreenCaptureProvider.swift in Sources */,
				15A251D7712C16F211A0262B /* ScreenshotSelectionController.swift in Sources */,
				DA4FF9181AE3683751E6D31E /* VisionTextRecognizer.swift in Sources */,
				2F741FDC167B177688318EC9 /* TranslationCoordinator.swift in Sources */,
				A1E112D8F6CD20C83B5A80BB /* AppleTranslationHost.swift in Sources */,
				244850CCE2731842EA4A6CEA /* TranslationRequest.swift in Sources */,
				D9796DBA255C7E85DB9A5259 /* TranslationResult.swift in Sources */,
				BA0916803F135724AD47B3B3 /* LanguageRouter.swift in Sources */,
				B03A3252461BDF1AF4E038BA /* TranslationPanel.swift in Sources */,
				CAFF396CF1B8EDEC464A052C /* TranslationPanelController.swift in Sources */,
				FDC1B6EDB01FBA20D34AC7B2 /* PanelPositioner.swift in Sources */,
				DAE4D3D2E671FE76A9F45904 /* TranslationPanelView.swift in Sources */,
				9D5B80178A9B9B6C09158AA0 /* TranslationViewModel.swift in Sources */,
			);
			runOnlyForDeploymentPostprocessing = 0;
		};
/* End PBXSourcesBuildPhase section */

/* Begin PBXTargetDependency section */
		9783871167BA185BFA7E9D87 /* PBXTargetDependency */ = {
			isa = PBXTargetDependency;
			name = TranslateDot;
			target = B2BD389DBA9274A7615156A0 /* TranslateDot */;
			targetProxy = 9DD430C7191132FDD1AD390A /* PBXContainerItemProxy */;
		};
/* End PBXTargetDependency section */

/* Begin XCBuildConfiguration section */
		3FE847CBCAB3FC1B394A9DFA /* Release */ = {
			isa = XCBuildConfiguration;
			buildSettings = {
				ALWAYS_SEARCH_USER_PATHS = NO;
				CLANG_ANALYZER_NONNULL = YES;
				CLANG_ANALYZER_NUMBER_OBJECT_CONVERSION = YES_AGGRESSIVE;
				CLANG_CXX_LANGUAGE_STANDARD = "gnu++14";
				CLANG_CXX_LIBRARY = "libc++";
				CLANG_ENABLE_MODULES = YES;
				CLANG_ENABLE_OBJC_ARC = YES;
				CLANG_ENABLE_OBJC_WEAK = YES;
				CLANG_WARN_BLOCK_CAPTURE_AUTORELEASING = YES;
				CLANG_WARN_BOOL_CONVERSION = YES;
				CLANG_WARN_COMMA = YES;
				CLANG_WARN_CONSTANT_CONVERSION = YES;
				CLANG_WARN_DEPRECATED_OBJC_IMPLEMENTATIONS = YES;
				CLANG_WARN_DIRECT_OBJC_ISA_USAGE = YES_ERROR;
				CLANG_WARN_DOCUMENTATION_COMMENTS = YES;
				CLANG_WARN_EMPTY_BODY = YES;
				CLANG_WARN_ENUM_CONVERSION = YES;
				CLANG_WARN_INFINITE_RECURSION = YES;
				CLANG_WARN_INT_CONVERSION = YES;
				CLANG_WARN_NON_LITERAL_NULL_CONVERSION = YES;
				CLANG_WARN_OBJC_IMPLICIT_RETAIN_SELF = YES;
				CLANG_WARN_OBJC_LITERAL_CONVERSION = YES;
				CLANG_WARN_OBJC_ROOT_CLASS = YES_ERROR;
				CLANG_WARN_QUOTED_INCLUDE_IN_FRAMEWORK_HEADER = YES;
				CLANG_WARN_RANGE_LOOP_ANALYSIS = YES;
				CLANG_WARN_STRICT_PROTOTYPES = YES;
				CLANG_WARN_SUSPICIOUS_MOVE = YES;
				CLANG_WARN_UNGUARDED_AVAILABILITY = YES_AGGRESSIVE;
				CLANG_WARN_UNREACHABLE_CODE = YES;
				CLANG_WARN__DUPLICATE_METHOD_MATCH = YES;
				COPY_PHASE_STRIP = NO;
				DEBUG_INFORMATION_FORMAT = "dwarf-with-dsym";
				ENABLE_NS_ASSERTIONS = NO;
				ENABLE_STRICT_OBJC_MSGSEND = YES;
				GCC_C_LANGUAGE_STANDARD = gnu11;
				GCC_NO_COMMON_BLOCKS = YES;
				GCC_WARN_64_TO_32_BIT_CONVERSION = YES;
				GCC_WARN_ABOUT_RETURN_TYPE = YES_ERROR;
				GCC_WARN_UNDECLARED_SELECTOR = YES;
				GCC_WARN_UNINITIALIZED_AUTOS = YES_AGGRESSIVE;
				GCC_WARN_UNUSED_FUNCTION = YES;
				GCC_WARN_UNUSED_VARIABLE = YES;
				MACOSX_DEPLOYMENT_TARGET = 15.0;
				MTL_ENABLE_DEBUG_INFO = NO;
				MTL_FAST_MATH = YES;
				PRODUCT_NAME = "$(TARGET_NAME)";
				SWIFT_COMPILATION_MODE = wholemodule;
				SWIFT_OPTIMIZATION_LEVEL = "-O";
				SWIFT_VERSION = 6.0;
			};
			name = Release;
		};
		4D0471A28430089640B5D579 /* Release */ = {
			isa = XCBuildConfiguration;
			buildSettings = {
				BUNDLE_LOADER = "$(TEST_HOST)";
				CODE_SIGN_STYLE = Automatic;
				ENABLE_APP_SANDBOX = NO;
				GENERATE_INFOPLIST_FILE = YES;
				MACOSX_DEPLOYMENT_TARGET = 15.0;
				PRODUCT_BUNDLE_IDENTIFIER = com.simon.translatedot.tests;
				PRODUCT_NAME = "$(TARGET_NAME)";
				SDKROOT = macosx;
				SWIFT_STRICT_CONCURRENCY = complete;
				SWIFT_VERSION = 6.0;
				TEST_HOST = "$(BUILT_PRODUCTS_DIR)/TranslateDot.app/Contents/MacOS/TranslateDot";
			};
			name = Release;
		};
		6248D71138D288338D3FDFC9 /* Debug */ = {
			isa = XCBuildConfiguration;
			buildSettings = {
				ASSETCATALOG_COMPILER_APPICON_NAME = AppIcon;
				ASSETCATALOG_COMPILER_GENERATE_SWIFT_ASSET_SYMBOL_EXTENSIONS = YES;
				ASSETCATALOG_COMPILER_GLOBAL_ACCENT_COLOR_NAME = AccentColor;
				CODE_SIGN_STYLE = Automatic;
				COMBINE_HIDPI_IMAGES = YES;
				ENABLE_APP_SANDBOX = NO;
				ENABLE_HARDENED_RUNTIME = YES;
				GENERATE_INFOPLIST_FILE = NO;
				INFOPLIST_FILE = TranslateDot/Resources/Info.plist;
				LD_RUNPATH_SEARCH_PATHS = "$(inherited) @executable_path/../Frameworks";
				MACOSX_DEPLOYMENT_TARGET = 15.0;
				PRODUCT_BUNDLE_IDENTIFIER = com.simon.translatedot;
				PRODUCT_NAME = "$(TARGET_NAME)";
				SDKROOT = macosx;
				SWIFT_STRICT_CONCURRENCY = complete;
				SWIFT_VERSION = 6.0;
			};
			name = Debug;
		};
		7A523962642C7BD209D2D54C /* Release */ = {
			isa = XCBuildConfiguration;
			buildSettings = {
				ASSETCATALOG_COMPILER_APPICON_NAME = AppIcon;
				ASSETCATALOG_COMPILER_GENERATE_SWIFT_ASSET_SYMBOL_EXTENSIONS = YES;
				ASSETCATALOG_COMPILER_GLOBAL_ACCENT_COLOR_NAME = AccentColor;
				CODE_SIGN_STYLE = Automatic;
				COMBINE_HIDPI_IMAGES = YES;
				ENABLE_APP_SANDBOX = NO;
				ENABLE_HARDENED_RUNTIME = YES;
				GENERATE_INFOPLIST_FILE = NO;
				INFOPLIST_FILE = TranslateDot/Resources/Info.plist;
				LD_RUNPATH_SEARCH_PATHS = "$(inherited) @executable_path/../Frameworks";
				MACOSX_DEPLOYMENT_TARGET = 15.0;
				PRODUCT_BUNDLE_IDENTIFIER = com.simon.translatedot;
				PRODUCT_NAME = "$(TARGET_NAME)";
				SDKROOT = macosx;
				SWIFT_STRICT_CONCURRENCY = complete;
				SWIFT_VERSION = 6.0;
			};
			name = Release;
		};
		7EDCE31D3E73C7FD14F6E143 /* Debug */ = {
			isa = XCBuildConfiguration;
			buildSettings = {
				BUNDLE_LOADER = "$(TEST_HOST)";
				CODE_SIGN_STYLE = Automatic;
				ENABLE_APP_SANDBOX = NO;
				GENERATE_INFOPLIST_FILE = YES;
				MACOSX_DEPLOYMENT_TARGET = 15.0;
				PRODUCT_BUNDLE_IDENTIFIER = com.simon.translatedot.tests;
				PRODUCT_NAME = "$(TARGET_NAME)";
				SDKROOT = macosx;
				SWIFT_STRICT_CONCURRENCY = complete;
				SWIFT_VERSION = 6.0;
				TEST_HOST = "$(BUILT_PRODUCTS_DIR)/TranslateDot.app/Contents/MacOS/TranslateDot";
			};
			name = Debug;
		};
		9E7B1EFA19A43F4CAC4829FC /* Debug */ = {
			isa = XCBuildConfiguration;
			buildSettings = {
				ALWAYS_SEARCH_USER_PATHS = NO;
				CLANG_ANALYZER_NONNULL = YES;
				CLANG_ANALYZER_NUMBER_OBJECT_CONVERSION = YES_AGGRESSIVE;
				CLANG_CXX_LANGUAGE_STANDARD = "gnu++14";
				CLANG_CXX_LIBRARY = "libc++";
				CLANG_ENABLE_MODULES = YES;
				CLANG_ENABLE_OBJC_ARC = YES;
				CLANG_ENABLE_OBJC_WEAK = YES;
				CLANG_WARN_BLOCK_CAPTURE_AUTORELEASING = YES;
				CLANG_WARN_BOOL_CONVERSION = YES;
				CLANG_WARN_COMMA = YES;
				CLANG_WARN_CONSTANT_CONVERSION = YES;
				CLANG_WARN_DEPRECATED_OBJC_IMPLEMENTATIONS = YES;
				CLANG_WARN_DIRECT_OBJC_ISA_USAGE = YES_ERROR;
				CLANG_WARN_DOCUMENTATION_COMMENTS = YES;
				CLANG_WARN_EMPTY_BODY = YES;
				CLANG_WARN_ENUM_CONVERSION = YES;
				CLANG_WARN_INFINITE_RECURSION = YES;
				CLANG_WARN_INT_CONVERSION = YES;
				CLANG_WARN_NON_LITERAL_NULL_CONVERSION = YES;
				CLANG_WARN_OBJC_IMPLICIT_RETAIN_SELF = YES;
				CLANG_WARN_OBJC_LITERAL_CONVERSION = YES;
				CLANG_WARN_OBJC_ROOT_CLASS = YES_ERROR;
				CLANG_WARN_QUOTED_INCLUDE_IN_FRAMEWORK_HEADER = YES;
				CLANG_WARN_RANGE_LOOP_ANALYSIS = YES;
				CLANG_WARN_STRICT_PROTOTYPES = YES;
				CLANG_WARN_SUSPICIOUS_MOVE = YES;
				CLANG_WARN_UNGUARDED_AVAILABILITY = YES_AGGRESSIVE;
				CLANG_WARN_UNREACHABLE_CODE = YES;
				CLANG_WARN__DUPLICATE_METHOD_MATCH = YES;
				COPY_PHASE_STRIP = NO;
				DEBUG_INFORMATION_FORMAT = dwarf;
				ENABLE_STRICT_OBJC_MSGSEND = YES;
				ENABLE_TESTABILITY = YES;
				GCC_C_LANGUAGE_STANDARD = gnu11;
				GCC_DYNAMIC_NO_PIC = NO;
				GCC_NO_COMMON_BLOCKS = YES;
				GCC_OPTIMIZATION_LEVEL = 0;
				GCC_PREPROCESSOR_DEFINITIONS = (
					"DEBUG=1",
					"$(inherited)",
				);
				GCC_WARN_64_TO_32_BIT_CONVERSION = YES;
				GCC_WARN_ABOUT_RETURN_TYPE = YES_ERROR;
				GCC_WARN_UNDECLARED_SELECTOR = YES;
				GCC_WARN_UNINITIALIZED_AUTOS = YES_AGGRESSIVE;
				GCC_WARN_UNUSED_FUNCTION = YES;
				GCC_WARN_UNUSED_VARIABLE = YES;
				MACOSX_DEPLOYMENT_TARGET = 15.0;
				MTL_ENABLE_DEBUG_INFO = INCLUDE_SOURCE;
				MTL_FAST_MATH = YES;
				ONLY_ACTIVE_ARCH = YES;
				PRODUCT_NAME = "$(TARGET_NAME)";
				SWIFT_ACTIVE_COMPILATION_CONDITIONS = DEBUG;
				SWIFT_OPTIMIZATION_LEVEL = "-Onone";
				SWIFT_VERSION = 6.0;
			};
			name = Debug;
		};
/* End XCBuildConfiguration section */

/* Begin XCConfigurationList section */
		424EB6C65C4304D62134C29F /* Build configuration list for PBXNativeTarget "TranslateDotTests" */ = {
			isa = XCConfigurationList;
			buildConfigurations = (
				4D0471A28430089640B5D579 /* Release */,
				7EDCE31D3E73C7FD14F6E143 /* Debug */,
			);
			defaultConfigurationIsVisible = 0;
			defaultConfigurationName = Release;
		};
		8E74FB862C295747F55CDAA9 /* Build configuration list for PBXNativeTarget "TranslateDot" */ = {
			isa = XCConfigurationList;
			buildConfigurations = (
				7A523962642C7BD209D2D54C /* Release */,
				6248D71138D288338D3FDFC9 /* Debug */,
			);
			defaultConfigurationIsVisible = 0;
			defaultConfigurationName = Release;
		};
		EB25532835FEC43A12DEFEB2 /* Build configuration list for PBXProject "TranslateDot" */ = {
			isa = XCConfigurationList;
			buildConfigurations = (
				9E7B1EFA19A43F4CAC4829FC /* Debug */,
				3FE847CBCAB3FC1B394A9DFA /* Release */,
			);
			defaultConfigurationIsVisible = 0;
			defaultConfigurationName = Release;
		};
/* End XCConfigurationList section */

/* Begin XCRemoteSwiftPackageReference section */
		F91846F724E7DA0A032D9B95 /* XCRemoteSwiftPackageReference "KeyboardShortcuts" */ = {
			isa = XCRemoteSwiftPackageReference;
			repositoryURL = "https://github.com/sindresorhus/KeyboardShortcuts.git";
			requirement = {
				kind = upToNextMajorVersion;
				minimumVersion = 3.1.0;
			};
		};
/* End XCRemoteSwiftPackageReference section */

/* Begin XCSwiftPackageProductDependency section */
		3670D6C121C5F7BDFE7D1D8D /* KeyboardShortcuts */ = {
			isa = XCSwiftPackageProductDependency;
			package = F91846F724E7DA0A032D9B95 /* XCRemoteSwiftPackageReference "KeyboardShortcuts" */;
			productName = KeyboardShortcuts;
		};
/* End XCSwiftPackageProductDependency section */
	};
	rootObject = BDDCDA0FCA1E45972A3F3F8E /* Project object */;
}
