// !$*UTF8*$!
{
	archiveVersion = 1;
	classes = {
	};
	objectVersion = 46;
	objects = {

/* Begin PBXBuildFile section */
		0352FAECE831155BC1C48913 /* LanguageRouter.swift in Sources */ = {isa = PBXBuildFile; fileRef = 9FBCBEB06014EC9B30114937 /* LanguageRouter.swift */; };
		0DBD53375DE52B1550276C2C /* Cocoa.framework in Frameworks */ = {isa = PBXBuildFile; fileRef = 16C4E36F7BF73B3983F99ACB /* Cocoa.framework */; };
		21019A6EC50E4F8A330B1DAA /* AppSettings.swift in Sources */ = {isa = PBXBuildFile; fileRef = 7D7283533AED78B5DA3AD9A4 /* AppSettings.swift */; };
		212FB6FF45F680F0A7411081 /* PanelPositioner.swift in Sources */ = {isa = PBXBuildFile; fileRef = 617E19AF462747335A1E728D /* PanelPositioner.swift */; };
		23DF8B608C59307C1BA6C4E6 /* ScreenCaptureProvider.swift in Sources */ = {isa = PBXBuildFile; fileRef = EFB0F91C267BCF607FF0939B /* ScreenCaptureProvider.swift */; };
		280B3E19C4B2A894A68073EF /* TranslationPanelController.swift in Sources */ = {isa = PBXBuildFile; fileRef = DBB73C7B1A90315E0E238657 /* TranslationPanelController.swift */; };
		3C4AF853A294C0B0404186E1 /* TranslationResult.swift in Sources */ = {isa = PBXBuildFile; fileRef = 4D3F12F20E96E5934B66587E /* TranslationResult.swift */; };
		46AD2654428924F5A69B1704 /* TranslationPanelView.swift in Sources */ = {isa = PBXBuildFile; fileRef = 1FDCD89034DD6FCD2333A3D6 /* TranslationPanelView.swift */; };
		51BA8AC75FBB736659A5DA6D /* Localization.swift in Sources */ = {isa = PBXBuildFile; fileRef = 296BCFE5B6F9D44050F5719E /* Localization.swift */; };
		5943B71D4C1CFEC39D540CFF /* AccessibilityPermissionManager.swift in Sources */ = {isa = PBXBuildFile; fileRef = 2AC93B4BEEDC6AB1F64D45DA /* AccessibilityPermissionManager.swift */; };
		6298072C1DF9867C4C011DCB /* LanguageModelsView.swift in Sources */ = {isa = PBXBuildFile; fileRef = 9C0A37761979F9F7EC0834AA /* LanguageModelsView.swift */; };
		655301332F0C20D150D9C7CE /* TranslationViewModel.swift in Sources */ = {isa = PBXBuildFile; fileRef = 289B7F93B0897F1C3F3FF401 /* TranslationViewModel.swift */; };
		65580A9B538CB3B727543FBF /* VisionTextRecognizer.swift in Sources */ = {isa = PBXBuildFile; fileRef = 47F0CAB54F20D3B359B0B525 /* VisionTextRecognizer.swift */; };
		675E60AF217F0C320E977DEB /* TranslationCoordinator.swift in Sources */ = {isa = PBXBuildFile; fileRef = 0796071C12F7618A514A6C76 /* TranslationCoordinator.swift */; };
		78C9CFE4038C134E5DAE3E20 /* SelectedTextResult.swift in Sources */ = {isa = PBXBuildFile; fileRef = 2A1BA0F321D094CD91162BF8 /* SelectedTextResult.swift */; };
		7DCC0DD130620C94BADF1260 /* TranslateDotApp.swift in Sources */ = {isa = PBXBuildFile; fileRef = 14953314DE10B6CFC30E75A5 /* TranslateDotApp.swift */; };
		834BCA2C35995631322A7DB9 /* TranslationSuccessView.swift in Sources */ = {isa = PBXBuildFile; fileRef = 2ABD2C74F39A49949420340A /* TranslationSuccessView.swift */; };
		90F8ABB885C183DA2B28C20D /* ClipboardSelectedTextProvider.swift in Sources */ = {isa = PBXBuildFile; fileRef = 9B8E91645BBEC414388F5D66 /* ClipboardSelectedTextProvider.swift */; };
		9536F6BFEC1B4EA764FC9F70 /* ScreenshotSelectionController.swift in Sources */ = {isa = PBXBuildFile; fileRef = 8C0335E9AA1A06DB9EE8A97A /* ScreenshotSelectionController.swift */; };
		964EBFA3290BF122C3782646 /* ScreenCaptureCoordinateConverterTests.swift in Sources */ = {isa = PBXBuildFile; fileRef = D260ADAD54C8BBCD325F281E /* ScreenCaptureCoordinateConverterTests.swift */; };
		97EF9D60A3A390CD41877EEA /* AppDelegate.swift in Sources */ = {isa = PBXBuildFile; fileRef = A37102376A5C8863BC58C05A /* AppDelegate.swift */; };
		98483D19807F2B3B6B78FF9C /* AppleTranslationHost.swift in Sources */ = {isa = PBXBuildFile; fileRef = 28B031242E519D2EF413DCB5 /* AppleTranslationHost.swift */; };
		AB6CECF7330F47774839A18D /* TranslationViewModelTests.swift in Sources */ = {isa = PBXBuildFile; fileRef = 2315D1F5BF348EF8710E01FD /* TranslationViewModelTests.swift */; };
		AFCA79422A11BE0D0F8DD296 /* ScreenCapturePermissionManager.swift in Sources */ = {isa = PBXBuildFile; fileRef = 9D4C7F0CA6ACB3350EFA29DE /* ScreenCapturePermissionManager.swift */; };
		B3AB489E86FAAF1A2587FC73 /* SettingsView.swift in Sources */ = {isa = PBXBuildFile; fileRef = 6CF87ED70E9660D99E636D6E /* SettingsView.swift */; };
		B7225ED12C1306645208FE88 /* LanguageRouterTests.swift in Sources */ = {isa = PBXBuildFile; fileRef = 1E582FB6E6A87D896B38B9FC /* LanguageRouterTests.swift */; };
		BCF0A393E0ADF51769A28288 /* PanelPositionerTests.swift in Sources */ = {isa = PBXBuildFile; fileRef = EB6530971D3CF56123FA108D /* PanelPositionerTests.swift */; };
		C093DF8045ED9864D01C9CE8 /* Assets.xcassets in Resources */ = {isa = PBXBuildFile; fileRef = 77D926E425F727C893AA9AD1 /* Assets.xcassets */; };
		D18C980AE4AF6BA63C09E6D5 /* TranslationPanel.swift in Sources */ = {isa = PBXBuildFile; fileRef = CF926E19CB4DFB5046E7DC95 /* TranslationPanel.swift */; };
		D472557557BA7FFED16A69D9 /* AppState.swift in Sources */ = {isa = PBXBuildFile; fileRef = CE99F46442BAC36F3DE97633 /* AppState.swift */; };
		D4B1AA4F546AF3D50661B36E /* KeyboardShortcuts in Frameworks */ = {isa = PBXBuildFile; productRef = D10A65A496A64D6E60EBD56A /* KeyboardShortcuts */; };
		DB14ADDFB293F3D4E729E605 /* TranslationRequest.swift in Sources */ = {isa = PBXBuildFile; fileRef = 63FE7219635620C8BDFF4572 /* TranslationRequest.swift */; };
		DB4C4FE51D20BEF2ED1D6F33 /* HotKeyManager.swift in Sources */ = {isa = PBXBuildFile; fileRef = 5CC3A097B9E1E4BE48F7BFD4 /* HotKeyManager.swift */; };
		DD8D84D54C1E919D1A4A8B0E /* Localizable.xcstrings in Resources */ = {isa = PBXBuildFile; fileRef = 7CFC04E7041BB6252049ADB4 /* Localizable.xcstrings */; };
		F9411698C00D445BDC02D49D /* AXSelectedTextProvider.swift in Sources */ = {isa = PBXBuildFile; fileRef = 2184548EB3D090D5A22624A3 /* AXSelectedTextProvider.swift */; };
		FAF9FD3C2E9A4D251D4343EB /* Cocoa.framework in Frameworks */ = {isa = PBXBuildFile; fileRef = 16C4E36F7BF73B3983F99ACB /* Cocoa.framework */; };
/* End PBXBuildFile section */

/* Begin PBXContainerItemProxy section */
		BFF53071B014ECFE51AAF0E2 /* PBXContainerItemProxy */ = {
			isa = PBXContainerItemProxy;
			containerPortal = 1E07497F347D72FFE87774EE /* Project object */;
			proxyType = 1;
			remoteGlobalIDString = 9C3BC2C341F2CC0DCDF25FBB;
			remoteInfo = TranslateDot;
		};
/* End PBXContainerItemProxy section */

/* Begin PBXFileReference section */
		0796071C12F7618A514A6C76 /* TranslationCoordinator.swift */ = {isa = PBXFileReference; includeInIndex = 1; lastKnownFileType = sourcecode.swift; path = TranslationCoordinator.swift; sourceTree = "<group>"; };
		14953314DE10B6CFC30E75A5 /* TranslateDotApp.swift */ = {isa = PBXFileReference; includeInIndex = 1; lastKnownFileType = sourcecode.swift; path = TranslateDotApp.swift; sourceTree = "<group>"; };
		16C4E36F7BF73B3983F99ACB /* Cocoa.framework */ = {isa = PBXFileReference; lastKnownFileType = wrapper.framework; name = Cocoa.framework; path = Platforms/MacOSX.platform/Developer/SDKs/MacOSX15.0.sdk/System/Library/Frameworks/Cocoa.framework; sourceTree = DEVELOPER_DIR; };
		1707D296DEEEAD2C32114649 /* TranslateDotLogoOriginal.png */ = {isa = PBXFileReference; includeInIndex = 1; lastKnownFileType = image.png; path = TranslateDotLogoOriginal.png; sourceTree = "<group>"; };
		1E582FB6E6A87D896B38B9FC /* LanguageRouterTests.swift */ = {isa = PBXFileReference; includeInIndex = 1; lastKnownFileType = sourcecode.swift; path = LanguageRouterTests.swift; sourceTree = "<group>"; };
		1FDCD89034DD6FCD2333A3D6 /* TranslationPanelView.swift */ = {isa = PBXFileReference; includeInIndex = 1; lastKnownFileType = sourcecode.swift; path = TranslationPanelView.swift; sourceTree = "<group>"; };
		2184548EB3D090D5A22624A3 /* AXSelectedTextProvider.swift */ = {isa = PBXFileReference; includeInIndex = 1; lastKnownFileType = sourcecode.swift; path = AXSelectedTextProvider.swift; sourceTree = "<group>"; };
		2315D1F5BF348EF8710E01FD /* TranslationViewModelTests.swift */ = {isa = PBXFileReference; includeInIndex = 1; lastKnownFileType = sourcecode.swift; path = TranslationViewModelTests.swift; sourceTree = "<group>"; };
		289B7F93B0897F1C3F3FF401 /* TranslationViewModel.swift */ = {isa = PBXFileReference; includeInIndex = 1; lastKnownFileType = sourcecode.swift; path = TranslationViewModel.swift; sourceTree = "<group>"; };
		28B031242E519D2EF413DCB5 /* AppleTranslationHost.swift */ = {isa = PBXFileReference; includeInIndex = 1; lastKnownFileType = sourcecode.swift; path = AppleTranslationHost.swift; sourceTree = "<group>"; };
		296BCFE5B6F9D44050F5719E /* Localization.swift */ = {isa = PBXFileReference; includeInIndex = 1; lastKnownFileType = sourcecode.swift; path = Localization.swift; sourceTree = "<group>"; };
		2A1BA0F321D094CD91162BF8 /* SelectedTextResult.swift */ = {isa = PBXFileReference; includeInIndex = 1; lastKnownFileType = sourcecode.swift; path = SelectedTextResult.swift; sourceTree = "<group>"; };
		2ABD2C74F39A49949420340A /* TranslationSuccessView.swift */ = {isa = PBXFileReference; includeInIndex = 1; lastKnownFileType = sourcecode.swift; path = TranslationSuccessView.swift; sourceTree = "<group>"; };
		2AC93B4BEEDC6AB1F64D45DA /* AccessibilityPermissionManager.swift */ = {isa = PBXFileReference; includeInIndex = 1; lastKnownFileType = sourcecode.swift; path = AccessibilityPermissionManager.swift; sourceTree = "<group>"; };
		47F0CAB54F20D3B359B0B525 /* VisionTextRecognizer.swift */ = {isa = PBXFileReference; includeInIndex = 1; lastKnownFileType = sourcecode.swift; path = VisionTextRecognizer.swift; sourceTree = "<group>"; };
		4D3F12F20E96E5934B66587E /* TranslationResult.swift */ = {isa = PBXFileReference; includeInIndex = 1; lastKnownFileType = sourcecode.swift; path = TranslationResult.swift; sourceTree = "<group>"; };
		5CC3A097B9E1E4BE48F7BFD4 /* HotKeyManager.swift */ = {isa = PBXFileReference; includeInIndex = 1; lastKnownFileType = sourcecode.swift; path = HotKeyManager.swift; sourceTree = "<group>"; };
		617E19AF462747335A1E728D /* PanelPositioner.swift */ = {isa = PBXFileReference; includeInIndex = 1; lastKnownFileType = sourcecode.swift; path = PanelPositioner.swift; sourceTree = "<group>"; };
		63FE7219635620C8BDFF4572 /* TranslationRequest.swift */ = {isa = PBXFileReference; includeInIndex = 1; lastKnownFileType = sourcecode.swift; path = TranslationRequest.swift; sourceTree = "<group>"; };
		6CF87ED70E9660D99E636D6E /* SettingsView.swift */ = {isa = PBXFileReference; includeInIndex = 1; lastKnownFileType = sourcecode.swift; path = SettingsView.swift; sourceTree = "<group>"; };
		77D926E425F727C893AA9AD1 /* Assets.xcassets */ = {isa = PBXFileReference; includeInIndex = 1; lastKnownFileType = folder.assetcatalog; path = Assets.xcassets; sourceTree = "<group>"; };
		7CFC04E7041BB6252049ADB4 /* Localizable.xcstrings */ = {isa = PBXFileReference; includeInIndex = 1; path = Localizable.xcstrings; sourceTree = "<group>"; };
		7D7283533AED78B5DA3AD9A4 /* AppSettings.swift */ = {isa = PBXFileReference; includeInIndex = 1; lastKnownFileType = sourcecode.swift; path = AppSettings.swift; sourceTree = "<group>"; };
		8C0335E9AA1A06DB9EE8A97A /* ScreenshotSelectionController.swift */ = {isa = PBXFileReference; includeInIndex = 1; lastKnownFileType = sourcecode.swift; path = ScreenshotSelectionController.swift; sourceTree = "<group>"; };
		9B8E91645BBEC414388F5D66 /* ClipboardSelectedTextProvider.swift */ = {isa = PBXFileReference; includeInIndex = 1; lastKnownFileType = sourcecode.swift; path = ClipboardSelectedTextProvider.swift; sourceTree = "<group>"; };
		9C0A37761979F9F7EC0834AA /* LanguageModelsView.swift */ = {isa = PBXFileReference; includeInIndex = 1; lastKnownFileType = sourcecode.swift; path = LanguageModelsView.swift; sourceTree = "<group>"; };
		9D4C7F0CA6ACB3350EFA29DE /* ScreenCapturePermissionManager.swift */ = {isa = PBXFileReference; includeInIndex = 1; lastKnownFileType = sourcecode.swift; path = ScreenCapturePermissionManager.swift; sourceTree = "<group>"; };
		9FBCBEB06014EC9B30114937 /* LanguageRouter.swift */ = {isa = PBXFileReference; includeInIndex = 1; lastKnownFileType = sourcecode.swift; path = LanguageRouter.swift; sourceTree = "<group>"; };
		A37102376A5C8863BC58C05A /* AppDelegate.swift */ = {isa = PBXFileReference; includeInIndex = 1; lastKnownFileType = sourcecode.swift; path = AppDelegate.swift; sourceTree = "<group>"; };
		A66146951046B73FD2DF3268 /* TranslateDotTests.xctest */ = {isa = PBXFileReference; explicitFileType = wrapper.cfbundle; includeInIndex = 0; path = TranslateDotTests.xctest; sourceTree = BUILT_PRODUCTS_DIR; };
		CE99F46442BAC36F3DE97633 /* AppState.swift */ = {isa = PBXFileReference; includeInIndex = 1; lastKnownFileType = sourcecode.swift; path = AppState.swift; sourceTree = "<group>"; };
		CF926E19CB4DFB5046E7DC95 /* TranslationPanel.swift */ = {isa = PBXFileReference; includeInIndex = 1; lastKnownFileType = sourcecode.swift; path = TranslationPanel.swift; sourceTree = "<group>"; };
		D260ADAD54C8BBCD325F281E /* ScreenCaptureCoordinateConverterTests.swift */ = {isa = PBXFileReference; includeInIndex = 1; lastKnownFileType = sourcecode.swift; path = ScreenCaptureCoordinateConverterTests.swift; sourceTree = "<group>"; };
		D72104C016CBBC7961872A18 /* Info.plist */ = {isa = PBXFileReference; includeInIndex = 1; lastKnownFileType = text.plist.xml; path = Info.plist; sourceTree = "<group>"; };
		DBB73C7B1A90315E0E238657 /* TranslationPanelController.swift */ = {isa = PBXFileReference; includeInIndex = 1; lastKnownFileType = sourcecode.swift; path = TranslationPanelController.swift; sourceTree = "<group>"; };
		EB6530971D3CF56123FA108D /* PanelPositionerTests.swift */ = {isa = PBXFileReference; includeInIndex = 1; lastKnownFileType = sourcecode.swift; path = PanelPositionerTests.swift; sourceTree = "<group>"; };
		ED8216D50B9DB1D6967EC8B9 /* TranslateDotIconMaster.png */ = {isa = PBXFileReference; includeInIndex = 1; lastKnownFileType = image.png; path = TranslateDotIconMaster.png; sourceTree = "<group>"; };
		EFB0F91C267BCF607FF0939B /* ScreenCaptureProvider.swift */ = {isa = PBXFileReference; includeInIndex = 1; lastKnownFileType = sourcecode.swift; path = ScreenCaptureProvider.swift; sourceTree = "<group>"; };
		F309F694049B32A8E16EF5B7 /* TranslateDot.app */ = {isa = PBXFileReference; explicitFileType = wrapper.application; includeInIndex = 0; path = TranslateDot.app; sourceTree = BUILT_PRODUCTS_DIR; };
/* End PBXFileReference section */

/* Begin PBXFrameworksBuildPhase section */
		2E1C43F24E28AF3FB589B6D8 /* Frameworks */ = {
			isa = PBXFrameworksBuildPhase;
			buildActionMask = 2147483647;
			files = (
				FAF9FD3C2E9A4D251D4343EB /* Cocoa.framework in Frameworks */,
				D4B1AA4F546AF3D50661B36E /* KeyboardShortcuts in Frameworks */,
			);
			runOnlyForDeploymentPostprocessing = 0;
		};
		DEA0694308D5F42849544DA3 /* Frameworks */ = {
			isa = PBXFrameworksBuildPhase;
			buildActionMask = 2147483647;
			files = (
				0DBD53375DE52B1550276C2C /* Cocoa.framework in Frameworks */,
			);
			runOnlyForDeploymentPostprocessing = 0;
		};
/* End PBXFrameworksBuildPhase section */

/* Begin PBXGroup section */
		0CD460749F5089B85B5A4EB5 /* Panel */ = {
			isa = PBXGroup;
			children = (
				CF926E19CB4DFB5046E7DC95 /* TranslationPanel.swift */,
				DBB73C7B1A90315E0E238657 /* TranslationPanelController.swift */,
				617E19AF462747335A1E728D /* PanelPositioner.swift */,
				1FDCD89034DD6FCD2333A3D6 /* TranslationPanelView.swift */,
				2ABD2C74F39A49949420340A /* TranslationSuccessView.swift */,
			);
			name = Panel;
			path = Panel;
			sourceTree = "<group>";
		};
		12B3AA612A98339AD4FA1BCF /* Brand */ = {
			isa = PBXGroup;
			children = (
				1707D296DEEEAD2C32114649 /* TranslateDotLogoOriginal.png */,
				ED8216D50B9DB1D6967EC8B9 /* TranslateDotIconMaster.png */,
			);
			name = Brand;
			path = Brand;
			sourceTree = "<group>";
		};
		2324E54B7DDB1B71A36BFB66 /* HotKey */ = {
			isa = PBXGroup;
			children = (
				5CC3A097B9E1E4BE48F7BFD4 /* HotKeyManager.swift */,
			);
			name = HotKey;
			path = HotKey;
			sourceTree = "<group>";
		};
		45926218FE49F1FC8594F98C /* Settings */ = {
			isa = PBXGroup;
			children = (
				7D7283533AED78B5DA3AD9A4 /* AppSettings.swift */,
				6CF87ED70E9660D99E636D6E /* SettingsView.swift */,
				9C0A37761979F9F7EC0834AA /* LanguageModelsView.swift */,
			);
			name = Settings;
			path = Settings;
			sourceTree = "<group>";
		};
		61976704F1263ADCEECBFC85 /* OS X */ = {
			isa = PBXGroup;
			children = (
				16C4E36F7BF73B3983F99ACB /* Cocoa.framework */,
			);
			name = "OS X";
			sourceTree = "<group>";
		};
		6C0F52E4873B092BBBFBAD6E /* Capture */ = {
			isa = PBXGroup;
			children = (
				9D4C7F0CA6ACB3350EFA29DE /* ScreenCapturePermissionManager.swift */,
				EFB0F91C267BCF607FF0939B /* ScreenCaptureProvider.swift */,
				8C0335E9AA1A06DB9EE8A97A /* ScreenshotSelectionController.swift */,
				47F0CAB54F20D3B359B0B525 /* VisionTextRecognizer.swift */,
			);
			name = Capture;
			path = Capture;
			sourceTree = "<group>";
		};
		6C7870DE2C7F5D60A358DB87 /* Accessibility */ = {
			isa = PBXGroup;
			children = (
				2AC93B4BEEDC6AB1F64D45DA /* AccessibilityPermissionManager.swift */,
				2184548EB3D090D5A22624A3 /* AXSelectedTextProvider.swift */,
				9B8E91645BBEC414388F5D66 /* ClipboardSelectedTextProvider.swift */,
				2A1BA0F321D094CD91162BF8 /* SelectedTextResult.swift */,
			);
			name = Accessibility;
			path = Accessibility;
			sourceTree = "<group>";
		};
		A64FC875F31D9CB31B17A31D /* Resources */ = {
			isa = PBXGroup;
			children = (
				77D926E425F727C893AA9AD1 /* Assets.xcassets */,
				7CFC04E7041BB6252049ADB4 /* Localizable.xcstrings */,
				D72104C016CBBC7961872A18 /* Info.plist */,
				12B3AA612A98339AD4FA1BCF /* Brand */,
			);
			name = Resources;
			path = Resources;
			sourceTree = "<group>";
		};
		B281C3CAABAB3880C6BC0E3E = {
			isa = PBXGroup;
			children = (
				B48130220804BD11B3A2BC8D /* Products */,
				CA1F34D26F8BC2CD357F21A0 /* Frameworks */,
				DBDB011771826305EAA7ABF5 /* TranslateDot */,
				F1438EC94EEACE541884ABA2 /* TranslateDotTests */,
			);
			sourceTree = "<group>";
		};
		B48130220804BD11B3A2BC8D /* Products */ = {
			isa = PBXGroup;
			children = (
				F309F694049B32A8E16EF5B7 /* TranslateDot.app */,
				A66146951046B73FD2DF3268 /* TranslateDotTests.xctest */,
			);
			name = Products;
			sourceTree = "<group>";
		};
		CA1F34D26F8BC2CD357F21A0 /* Frameworks */ = {
			isa = PBXGroup;
			children = (
				61976704F1263ADCEECBFC85 /* OS X */,
			);
			name = Frameworks;
			sourceTree = "<group>";
		};
		D9243E390F87F8C3757DE62B /* App */ = {
			isa = PBXGroup;
			children = (
				14953314DE10B6CFC30E75A5 /* TranslateDotApp.swift */,
				A37102376A5C8863BC58C05A /* AppDelegate.swift */,
				CE99F46442BAC36F3DE97633 /* AppState.swift */,
				296BCFE5B6F9D44050F5719E /* Localization.swift */,
			);
			name = App;
			path = App;
			sourceTree = "<group>";
		};
		DBDB011771826305EAA7ABF5 /* TranslateDot */ = {
			isa = PBXGroup;
			children = (
				D9243E390F87F8C3757DE62B /* App */,
				45926218FE49F1FC8594F98C /* Settings */,
				2324E54B7DDB1B71A36BFB66 /* HotKey */,
				6C7870DE2C7F5D60A358DB87 /* Accessibility */,
				6C0F52E4873B092BBBFBAD6E /* Capture */,
				E212D638116F9AF66D3C583B /* Translation */,
				0CD460749F5089B85B5A4EB5 /* Panel */,
				FC75770BBF73A12343FECE8B /* Features */,
				A64FC875F31D9CB31B17A31D /* Resources */,
			);
			name = TranslateDot;
			path = TranslateDot;
			sourceTree = "<group>";
		};
		E212D638116F9AF66D3C583B /* Translation */ = {
			isa = PBXGroup;
			children = (
				0796071C12F7618A514A6C76 /* TranslationCoordinator.swift */,
				28B031242E519D2EF413DCB5 /* AppleTranslationHost.swift */,
				63FE7219635620C8BDFF4572 /* TranslationRequest.swift */,
				4D3F12F20E96E5934B66587E /* TranslationResult.swift */,
				9FBCBEB06014EC9B30114937 /* LanguageRouter.swift */,
			);
			name = Translation;
			path = Translation;
			sourceTree = "<group>";
		};
		F1438EC94EEACE541884ABA2 /* TranslateDotTests */ = {
			isa = PBXGroup;
			children = (
				1E582FB6E6A87D896B38B9FC /* LanguageRouterTests.swift */,
				EB6530971D3CF56123FA108D /* PanelPositionerTests.swift */,
				2315D1F5BF348EF8710E01FD /* TranslationViewModelTests.swift */,
				D260ADAD54C8BBCD325F281E /* ScreenCaptureCoordinateConverterTests.swift */,
			);
			name = TranslateDotTests;
			path = TranslateDotTests;
			sourceTree = "<group>";
		};
		FC75770BBF73A12343FECE8B /* Features */ = {
			isa = PBXGroup;
			children = (
				289B7F93B0897F1C3F3FF401 /* TranslationViewModel.swift */,
			);
			name = Features;
			path = Features;
			sourceTree = "<group>";
		};
/* End PBXGroup section */

/* Begin PBXNativeTarget section */
		5F80EEBF555B097971E19AA5 /* TranslateDotTests */ = {
			isa = PBXNativeTarget;
			buildConfigurationList = 7BC8BB650CEAB0BA34B3B1C1 /* Build configuration list for PBXNativeTarget "TranslateDotTests" */;
			buildPhases = (
				56F63498213EF301982C7291 /* Sources */,
				DEA0694308D5F42849544DA3 /* Frameworks */,
				C3CCD82F384FE5D8483EDE65 /* Resources */,
			);
			buildRules = (
			);
			dependencies = (
				349F0747C2C2B65409F5EEF7 /* PBXTargetDependency */,
			);
			name = TranslateDotTests;
			productName = TranslateDotTests;
			productReference = A66146951046B73FD2DF3268 /* TranslateDotTests.xctest */;
			productType = "com.apple.product-type.bundle.unit-test";
		};
		9C3BC2C341F2CC0DCDF25FBB /* TranslateDot */ = {
			isa = PBXNativeTarget;
			buildConfigurationList = 4A0D817D6AA0D2EE3B87695B /* Build configuration list for PBXNativeTarget "TranslateDot" */;
			buildPhases = (
				A0121C119F9424F043138CB9 /* Sources */,
				2E1C43F24E28AF3FB589B6D8 /* Frameworks */,
				6212D91292B8D3A4E7084BE0 /* Resources */,
			);
			buildRules = (
			);
			dependencies = (
			);
			name = TranslateDot;
			packageProductDependencies = (
				D10A65A496A64D6E60EBD56A /* KeyboardShortcuts */,
			);
			productName = TranslateDot;
			productReference = F309F694049B32A8E16EF5B7 /* TranslateDot.app */;
			productType = "com.apple.product-type.application";
		};
/* End PBXNativeTarget section */

/* Begin PBXProject section */
		1E07497F347D72FFE87774EE /* Project object */ = {
			isa = PBXProject;
			attributes = {
				LastSwiftUpdateCheck = 2620;
				LastUpgradeCheck = 2620;
			};
			buildConfigurationList = FD88F296C379669E527F83CA /* Build configuration list for PBXProject "TranslateDot" */;
			compatibilityVersion = "Xcode 3.2";
			developmentRegion = en;
			hasScannedForEncodings = 0;
			knownRegions = (
				en,
				Base,
			);
			mainGroup = B281C3CAABAB3880C6BC0E3E;
			minimizedProjectReferenceProxies = 0;
			packageReferences = (
				3BA6A7A884ED06793B6D2400 /* XCRemoteSwiftPackageReference "KeyboardShortcuts" */,
			);
			preferredProjectObjectVersion = 77;
			productRefGroup = B48130220804BD11B3A2BC8D /* Products */;
			projectDirPath = "";
			projectRoot = "";
			targets = (
				9C3BC2C341F2CC0DCDF25FBB /* TranslateDot */,
				5F80EEBF555B097971E19AA5 /* TranslateDotTests */,
			);
		};
/* End PBXProject section */

/* Begin PBXResourcesBuildPhase section */
		6212D91292B8D3A4E7084BE0 /* Resources */ = {
			isa = PBXResourcesBuildPhase;
			buildActionMask = 2147483647;
			files = (
				C093DF8045ED9864D01C9CE8 /* Assets.xcassets in Resources */,
				DD8D84D54C1E919D1A4A8B0E /* Localizable.xcstrings in Resources */,
			);
			runOnlyForDeploymentPostprocessing = 0;
		};
		C3CCD82F384FE5D8483EDE65 /* Resources */ = {
			isa = PBXResourcesBuildPhase;
			buildActionMask = 2147483647;
			files = (
			);
			runOnlyForDeploymentPostprocessing = 0;
		};
/* End PBXResourcesBuildPhase section */

/* Begin PBXSourcesBuildPhase section */
		56F63498213EF301982C7291 /* Sources */ = {
			isa = PBXSourcesBuildPhase;
			buildActionMask = 2147483647;
			files = (
				B7225ED12C1306645208FE88 /* LanguageRouterTests.swift in Sources */,
				BCF0A393E0ADF51769A28288 /* PanelPositionerTests.swift in Sources */,
				AB6CECF7330F47774839A18D /* TranslationViewModelTests.swift in Sources */,
				964EBFA3290BF122C3782646 /* ScreenCaptureCoordinateConverterTests.swift in Sources */,
			);
			runOnlyForDeploymentPostprocessing = 0;
		};
		A0121C119F9424F043138CB9 /* Sources */ = {
			isa = PBXSourcesBuildPhase;
			buildActionMask = 2147483647;
			files = (
				7DCC0DD130620C94BADF1260 /* TranslateDotApp.swift in Sources */,
				97EF9D60A3A390CD41877EEA /* AppDelegate.swift in Sources */,
				D472557557BA7FFED16A69D9 /* AppState.swift in Sources */,
				51BA8AC75FBB736659A5DA6D /* Localization.swift in Sources */,
				21019A6EC50E4F8A330B1DAA /* AppSettings.swift in Sources */,
				B3AB489E86FAAF1A2587FC73 /* SettingsView.swift in Sources */,
				6298072C1DF9867C4C011DCB /* LanguageModelsView.swift in Sources */,
				DB4C4FE51D20BEF2ED1D6F33 /* HotKeyManager.swift in Sources */,
				5943B71D4C1CFEC39D540CFF /* AccessibilityPermissionManager.swift in Sources */,
				F9411698C00D445BDC02D49D /* AXSelectedTextProvider.swift in Sources */,
				90F8ABB885C183DA2B28C20D /* ClipboardSelectedTextProvider.swift in Sources */,
				78C9CFE4038C134E5DAE3E20 /* SelectedTextResult.swift in Sources */,
				AFCA79422A11BE0D0F8DD296 /* ScreenCapturePermissionManager.swift in Sources */,
				23DF8B608C59307C1BA6C4E6 /* ScreenCaptureProvider.swift in Sources */,
				9536F6BFEC1B4EA764FC9F70 /* ScreenshotSelectionController.swift in Sources */,
				65580A9B538CB3B727543FBF /* VisionTextRecognizer.swift in Sources */,
				675E60AF217F0C320E977DEB /* TranslationCoordinator.swift in Sources */,
				98483D19807F2B3B6B78FF9C /* AppleTranslationHost.swift in Sources */,
				DB14ADDFB293F3D4E729E605 /* TranslationRequest.swift in Sources */,
				3C4AF853A294C0B0404186E1 /* TranslationResult.swift in Sources */,
				0352FAECE831155BC1C48913 /* LanguageRouter.swift in Sources */,
				D18C980AE4AF6BA63C09E6D5 /* TranslationPanel.swift in Sources */,
				280B3E19C4B2A894A68073EF /* TranslationPanelController.swift in Sources */,
				212FB6FF45F680F0A7411081 /* PanelPositioner.swift in Sources */,
				46AD2654428924F5A69B1704 /* TranslationPanelView.swift in Sources */,
				834BCA2C35995631322A7DB9 /* TranslationSuccessView.swift in Sources */,
				655301332F0C20D150D9C7CE /* TranslationViewModel.swift in Sources */,
			);
			runOnlyForDeploymentPostprocessing = 0;
		};
/* End PBXSourcesBuildPhase section */

/* Begin PBXTargetDependency section */
		349F0747C2C2B65409F5EEF7 /* PBXTargetDependency */ = {
			isa = PBXTargetDependency;
			name = TranslateDot;
			target = 9C3BC2C341F2CC0DCDF25FBB /* TranslateDot */;
			targetProxy = BFF53071B014ECFE51AAF0E2 /* PBXContainerItemProxy */;
		};
/* End PBXTargetDependency section */

/* Begin XCBuildConfiguration section */
		0FB7C4675D2F81E0D4E1CA97 /* Debug */ = {
			isa = XCBuildConfiguration;
			buildSettings = {
				BUNDLE_LOADER = "$(TEST_HOST)";
				CODE_SIGN_STYLE = Automatic;
				ENABLE_APP_SANDBOX = NO;
				GENERATE_INFOPLIST_FILE = YES;
				MACOSX_DEPLOYMENT_TARGET = 15.0;
				PRODUCT_BUNDLE_IDENTIFIER = com.simon.translatedot.tests;
				PRODUCT_NAME = "$(TARGET_NAME)";
				SDKROOT = macosx;
				SWIFT_STRICT_CONCURRENCY = complete;
				SWIFT_VERSION = 6.0;
				TEST_HOST = "$(BUILT_PRODUCTS_DIR)/TranslateDot.app/Contents/MacOS/TranslateDot";
			};
			name = Debug;
		};
		10A247CE436EEC4655FFEC5A /* Debug */ = {
			isa = XCBuildConfiguration;
			buildSettings = {
				ASSETCATALOG_COMPILER_APPICON_NAME = AppIcon;
				ASSETCATALOG_COMPILER_GENERATE_SWIFT_ASSET_SYMBOL_EXTENSIONS = YES;
				ASSETCATALOG_COMPILER_GLOBAL_ACCENT_COLOR_NAME = AccentColor;
				CODE_SIGN_STYLE = Automatic;
				COMBINE_HIDPI_IMAGES = YES;
				ENABLE_APP_SANDBOX = NO;
				ENABLE_HARDENED_RUNTIME = YES;
				GENERATE_INFOPLIST_FILE = NO;
				INFOPLIST_FILE = TranslateDot/Resources/Info.plist;
				LD_RUNPATH_SEARCH_PATHS = "$(inherited) @executable_path/../Frameworks";
				MACOSX_DEPLOYMENT_TARGET = 15.0;
				PRODUCT_BUNDLE_IDENTIFIER = com.simon.translatedot;
				PRODUCT_NAME = "$(TARGET_NAME)";
				SDKROOT = macosx;
				SWIFT_STRICT_CONCURRENCY = complete;
				SWIFT_VERSION = 6.0;
			};
			name = Debug;
		};
		2C192059599D5FD809B25F9E /* Release */ = {
			isa = XCBuildConfiguration;
			buildSettings = {
				ALWAYS_SEARCH_USER_PATHS = NO;
				CLANG_ANALYZER_NONNULL = YES;
				CLANG_ANALYZER_NUMBER_OBJECT_CONVERSION = YES_AGGRESSIVE;
				CLANG_CXX_LANGUAGE_STANDARD = "gnu++14";
				CLANG_CXX_LIBRARY = "libc++";
				CLANG_ENABLE_MODULES = YES;
				CLANG_ENABLE_OBJC_ARC = YES;
				CLANG_ENABLE_OBJC_WEAK = YES;
				CLANG_WARN_BLOCK_CAPTURE_AUTORELEASING = YES;
				CLANG_WARN_BOOL_CONVERSION = YES;
				CLANG_WARN_COMMA = YES;
				CLANG_WARN_CONSTANT_CONVERSION = YES;
				CLANG_WARN_DEPRECATED_OBJC_IMPLEMENTATIONS = YES;
				CLANG_WARN_DIRECT_OBJC_ISA_USAGE = YES_ERROR;
				CLANG_WARN_DOCUMENTATION_COMMENTS = YES;
				CLANG_WARN_EMPTY_BODY = YES;
				CLANG_WARN_ENUM_CONVERSION = YES;
				CLANG_WARN_INFINITE_RECURSION = YES;
				CLANG_WARN_INT_CONVERSION = YES;
				CLANG_WARN_NON_LITERAL_NULL_CONVERSION = YES;
				CLANG_WARN_OBJC_IMPLICIT_RETAIN_SELF = YES;
				CLANG_WARN_OBJC_LITERAL_CONVERSION = YES;
				CLANG_WARN_OBJC_ROOT_CLASS = YES_ERROR;
				CLANG_WARN_QUOTED_INCLUDE_IN_FRAMEWORK_HEADER = YES;
				CLANG_WARN_RANGE_LOOP_ANALYSIS = YES;
				CLANG_WARN_STRICT_PROTOTYPES = YES;
				CLANG_WARN_SUSPICIOUS_MOVE = YES;
				CLANG_WARN_UNGUARDED_AVAILABILITY = YES_AGGRESSIVE;
				CLANG_WARN_UNREACHABLE_CODE = YES;
				CLANG_WARN__DUPLICATE_METHOD_MATCH = YES;
				COPY_PHASE_STRIP = NO;
				DEBUG_INFORMATION_FORMAT = "dwarf-with-dsym";
				ENABLE_NS_ASSERTIONS = NO;
				ENABLE_STRICT_OBJC_MSGSEND = YES;
				GCC_C_LANGUAGE_STANDARD = gnu11;
				GCC_NO_COMMON_BLOCKS = YES;
				GCC_WARN_64_TO_32_BIT_CONVERSION = YES;
				GCC_WARN_ABOUT_RETURN_TYPE = YES_ERROR;
				GCC_WARN_UNDECLARED_SELECTOR = YES;
				GCC_WARN_UNINITIALIZED_AUTOS = YES_AGGRESSIVE;
				GCC_WARN_UNUSED_FUNCTION = YES;
				GCC_WARN_UNUSED_VARIABLE = YES;
				MACOSX_DEPLOYMENT_TARGET = 15.0;
				MTL_ENABLE_DEBUG_INFO = NO;
				MTL_FAST_MATH = YES;
				PRODUCT_NAME = "$(TARGET_NAME)";
				SWIFT_COMPILATION_MODE = wholemodule;
				SWIFT_OPTIMIZATION_LEVEL = "-O";
				SWIFT_VERSION = 6.0;
			};
			name = Release;
		};
		4C9433169637EB9D456FDC91 /* Release */ = {
			isa = XCBuildConfiguration;
			buildSettings = {
				BUNDLE_LOADER = "$(TEST_HOST)";
				CODE_SIGN_STYLE = Automatic;
				ENABLE_APP_SANDBOX = NO;
				GENERATE_INFOPLIST_FILE = YES;
				MACOSX_DEPLOYMENT_TARGET = 15.0;
				PRODUCT_BUNDLE_IDENTIFIER = com.simon.translatedot.tests;
				PRODUCT_NAME = "$(TARGET_NAME)";
				SDKROOT = macosx;
				SWIFT_STRICT_CONCURRENCY = complete;
				SWIFT_VERSION = 6.0;
				TEST_HOST = "$(BUILT_PRODUCTS_DIR)/TranslateDot.app/Contents/MacOS/TranslateDot";
			};
			name = Release;
		};
		54C661FC5CCCA13E5322FACA /* Release */ = {
			isa = XCBuildConfiguration;
			buildSettings = {
				ASSETCATALOG_COMPILER_APPICON_NAME = AppIcon;
				ASSETCATALOG_COMPILER_GENERATE_SWIFT_ASSET_SYMBOL_EXTENSIONS = YES;
				ASSETCATALOG_COMPILER_GLOBAL_ACCENT_COLOR_NAME = AccentColor;
				CODE_SIGN_STYLE = Automatic;
				COMBINE_HIDPI_IMAGES = YES;
				ENABLE_APP_SANDBOX = NO;
				ENABLE_HARDENED_RUNTIME = YES;
				GENERATE_INFOPLIST_FILE = NO;
				INFOPLIST_FILE = TranslateDot/Resources/Info.plist;
				LD_RUNPATH_SEARCH_PATHS = "$(inherited) @executable_path/../Frameworks";
				MACOSX_DEPLOYMENT_TARGET = 15.0;
				PRODUCT_BUNDLE_IDENTIFIER = com.simon.translatedot;
				PRODUCT_NAME = "$(TARGET_NAME)";
				SDKROOT = macosx;
				SWIFT_STRICT_CONCURRENCY = complete;
				SWIFT_VERSION = 6.0;
			};
			name = Release;
		};
		F513DF8521E7CA3356794CFD /* Debug */ = {
			isa = XCBuildConfiguration;
			buildSettings = {
				ALWAYS_SEARCH_USER_PATHS = NO;
				CLANG_ANALYZER_NONNULL = YES;
				CLANG_ANALYZER_NUMBER_OBJECT_CONVERSION = YES_AGGRESSIVE;
				CLANG_CXX_LANGUAGE_STANDARD = "gnu++14";
				CLANG_CXX_LIBRARY = "libc++";
				CLANG_ENABLE_MODULES = YES;
				CLANG_ENABLE_OBJC_ARC = YES;
				CLANG_ENABLE_OBJC_WEAK = YES;
				CLANG_WARN_BLOCK_CAPTURE_AUTORELEASING = YES;
				CLANG_WARN_BOOL_CONVERSION = YES;
				CLANG_WARN_COMMA = YES;
				CLANG_WARN_CONSTANT_CONVERSION = YES;
				CLANG_WARN_DEPRECATED_OBJC_IMPLEMENTATIONS = YES;
				CLANG_WARN_DIRECT_OBJC_ISA_USAGE = YES_ERROR;
				CLANG_WARN_DOCUMENTATION_COMMENTS = YES;
				CLANG_WARN_EMPTY_BODY = YES;
				CLANG_WARN_ENUM_CONVERSION = YES;
				CLANG_WARN_INFINITE_RECURSION = YES;
				CLANG_WARN_INT_CONVERSION = YES;
				CLANG_WARN_NON_LITERAL_NULL_CONVERSION = YES;
				CLANG_WARN_OBJC_IMPLICIT_RETAIN_SELF = YES;
				CLANG_WARN_OBJC_LITERAL_CONVERSION = YES;
				CLANG_WARN_OBJC_ROOT_CLASS = YES_ERROR;
				CLANG_WARN_QUOTED_INCLUDE_IN_FRAMEWORK_HEADER = YES;
				CLANG_WARN_RANGE_LOOP_ANALYSIS = YES;
				CLANG_WARN_STRICT_PROTOTYPES = YES;
				CLANG_WARN_SUSPICIOUS_MOVE = YES;
				CLANG_WARN_UNGUARDED_AVAILABILITY = YES_AGGRESSIVE;
				CLANG_WARN_UNREACHABLE_CODE = YES;
				CLANG_WARN__DUPLICATE_METHOD_MATCH = YES;
				COPY_PHASE_STRIP = NO;
				DEBUG_INFORMATION_FORMAT = dwarf;
				ENABLE_STRICT_OBJC_MSGSEND = YES;
				ENABLE_TESTABILITY = YES;
				GCC_C_LANGUAGE_STANDARD = gnu11;
				GCC_DYNAMIC_NO_PIC = NO;
				GCC_NO_COMMON_BLOCKS = YES;
				GCC_OPTIMIZATION_LEVEL = 0;
				GCC_PREPROCESSOR_DEFINITIONS = (
					"DEBUG=1",
					"$(inherited)",
				);
				GCC_WARN_64_TO_32_BIT_CONVERSION = YES;
				GCC_WARN_ABOUT_RETURN_TYPE = YES_ERROR;
				GCC_WARN_UNDECLARED_SELECTOR = YES;
				GCC_WARN_UNINITIALIZED_AUTOS = YES_AGGRESSIVE;
				GCC_WARN_UNUSED_FUNCTION = YES;
				GCC_WARN_UNUSED_VARIABLE = YES;
				MACOSX_DEPLOYMENT_TARGET = 15.0;
				MTL_ENABLE_DEBUG_INFO = INCLUDE_SOURCE;
				MTL_FAST_MATH = YES;
				ONLY_ACTIVE_ARCH = YES;
				PRODUCT_NAME = "$(TARGET_NAME)";
				SWIFT_ACTIVE_COMPILATION_CONDITIONS = DEBUG;
				SWIFT_OPTIMIZATION_LEVEL = "-Onone";
				SWIFT_VERSION = 6.0;
			};
			name = Debug;
		};
/* End XCBuildConfiguration section */

/* Begin XCConfigurationList section */
		4A0D817D6AA0D2EE3B87695B /* Build configuration list for PBXNativeTarget "TranslateDot" */ = {
			isa = XCConfigurationList;
			buildConfigurations = (
				54C661FC5CCCA13E5322FACA /* Release */,
				10A247CE436EEC4655FFEC5A /* Debug */,
			);
			defaultConfigurationIsVisible = 0;
			defaultConfigurationName = Release;
		};
		7BC8BB650CEAB0BA34B3B1C1 /* Build configuration list for PBXNativeTarget "TranslateDotTests" */ = {
			isa = XCConfigurationList;
			buildConfigurations = (
				4C9433169637EB9D456FDC91 /* Release */,
				0FB7C4675D2F81E0D4E1CA97 /* Debug */,
			);
			defaultConfigurationIsVisible = 0;
			defaultConfigurationName = Release;
		};
		FD88F296C379669E527F83CA /* Build configuration list for PBXProject "TranslateDot" */ = {
			isa = XCConfigurationList;
			buildConfigurations = (
				F513DF8521E7CA3356794CFD /* Debug */,
				2C192059599D5FD809B25F9E /* Release */,
			);
			defaultConfigurationIsVisible = 0;
			defaultConfigurationName = Release;
		};
/* End XCConfigurationList section */

/* Begin XCRemoteSwiftPackageReference section */
		3BA6A7A884ED06793B6D2400 /* XCRemoteSwiftPackageReference "KeyboardShortcuts" */ = {
			isa = XCRemoteSwiftPackageReference;
			repositoryURL = "https://github.com/sindresorhus/KeyboardShortcuts.git";
			requirement = {
				kind = upToNextMajorVersion;
				minimumVersion = 3.1.0;
			};
		};
/* End XCRemoteSwiftPackageReference section */

/* Begin XCSwiftPackageProductDependency section */
		D10A65A496A64D6E60EBD56A /* KeyboardShortcuts */ = {
			isa = XCSwiftPackageProductDependency;
			package = 3BA6A7A884ED06793B6D2400 /* XCRemoteSwiftPackageReference "KeyboardShortcuts" */;
			productName = KeyboardShortcuts;
		};
/* End XCSwiftPackageProductDependency section */
	};
	rootObject = 1E07497F347D72FFE87774EE /* Project object */;
}
